
Microsoft Visual Studio Solution File, Format Version 12.00
# Visual Studio Version 17
VisualStudioVersion = 17.11.35222.181
MinimumVisualStudioVersion = 10.0.40219.1
Project("{FAE04EC0-301F-11D3-BF4B-00C04F79EFBC}") = "pizzeria", "pizzeria\pizzeria.csproj", "{F49E9B6A-B1F5-4F2B-8C11-8EAD8BE2B213}"
EndProject
Global
	GlobalSection(SolutionConfigurationPlatforms) = preSolution
		Debug|Any CPU = Debug|Any CPU
		Release|Any CPU = Release|Any CPU
	EndGlobalSection
	GlobalSection(ProjectConfigurationPlatforms) = postSolution
		{F49E9B6A-B1F5-4F2B-8C11-8EAD8BE2B213}.Debug|Any CPU.ActiveCfg = Debug|Any CPU
		{F49E9B6A-B1F5-4F2B-8C11-8EAD8BE2B213}.Debug|Any CPU.Build.0 = Debug|Any CPU
		{F49E9B6A-B1F5-4F2B-8C11-8EAD8BE2B213}.Release|Any CPU.ActiveCfg = Release|Any CPU
		{F49E9B6A-B1F5-4F2B-8C11-8EAD8BE2B213}.Release|Any CPU.Build.0 = Release|Any CPU
	EndGlobalSection
	GlobalSection(SolutionProperties) = preSolution
		HideSolutionNode = FALSE
	EndGlobalSection
	GlobalSection(ExtensibilityGlobals) = postSolution
		SolutionGuid = {EC55C710-C096-42BC-894F-211D16E5D0AA}
	EndGlobalSection
EndGlobal
